
Microsoft Visual Studio Solution File, Format Version 12.00
# Visual Studio Version 17
VisualStudioVersion = 17.12.35521.163 d17.12
MinimumVisualStudioVersion = 10.0.40219.1
Project("{FAE04EC0-301F-11D3-BF4B-00C04F79EFBC}") = "PhonePad", "PhonePad\PhonePad.csproj", "{C5509F33-FE32-4F7C-B413-57CE08DCAAD7}"
EndProject
Project("{FAE04EC0-301F-11D3-BF4B-00C04F79EFBC}") = "PhonePad.Test", "PhonePad.Test\PhonePad.Test.csproj", "{0D88204B-80F0-4DD1-8D45-F7689374AA15}"
EndProject
Global
	GlobalSection(SolutionConfigurationPlatforms) = preSolution
		Debug|Any CPU = Debug|Any CPU
		Release|Any CPU = Release|Any CPU
	EndGlobalSection
	GlobalSection(ProjectConfigurationPlatforms) = postSolution
		{C5509F33-FE32-4F7C-B413-57CE08DCAAD7}.Debug|Any CPU.ActiveCfg = Debug|Any CPU
		{C5509F33-FE32-4F7C-B413-57CE08DCAAD7}.Debug|Any CPU.Build.0 = Debug|Any CPU
		{C5509F33-FE32-4F7C-B413-57CE08DCAAD7}.Release|Any CPU.ActiveCfg = Release|Any CPU
		{C5509F33-FE32-4F7C-B413-57CE08DCAAD7}.Release|Any CPU.Build.0 = Release|Any CPU
		{0D88204B-80F0-4DD1-8D45-F7689374AA15}.Debug|Any CPU.ActiveCfg = Debug|Any CPU
		{0D88204B-80F0-4DD1-8D45-F7689374AA15}.Debug|Any CPU.Build.0 = Debug|Any CPU
		{0D88204B-80F0-4DD1-8D45-F7689374AA15}.Release|Any CPU.ActiveCfg = Release|Any CPU
		{0D88204B-80F0-4DD1-8D45-F7689374AA15}.Release|Any CPU.Build.0 = Release|Any CPU
	EndGlobalSection
	GlobalSection(SolutionProperties) = preSolution
		HideSolutionNode = FALSE
	EndGlobalSection
EndGlobal
